
Microsoft Visual Studio Solution File, Format Version 12.00
# Visual Studio Version 16
VisualStudioVersion = 16.0.31424.327
MinimumVisualStudioVersion = 10.0.40219.1
Project("{9A19103F-16F7-4668-BE54-9A1E7A4F7556}") = "TaxCalculator.Service", "TaxCalculator.Service\TaxCalculator.Service.csproj", "{A7BB1B44-2FB4-4183-8E5F-8FCF61CA3085}"
EndProject
Project("{9A19103F-16F7-4668-BE54-9A1E7A4F7556}") = "TaxCalculator.SupportService", "TaxCalculator.SupportService\TaxCalculator.SupportService.csproj", "{C87C28AF-D75A-4F84-BD66-C4D5C1565DD9}"
EndProject
Project("{9A19103F-16F7-4668-BE54-9A1E7A4F7556}") = "TaxCalculator.Contract", "TaxCalculator.Contract\TaxCalculator.Contract.csproj", "{DDA270D2-AF49-4FAA-B6CF-819F97421BCC}"
EndProject
Project("{FAE04EC0-301F-11D3-BF4B-00C04F79EFBC}") = "TaxCalculator.ClientApp", "TaxCalculator.ClientApp\TaxCalculator.ClientApp.csproj", "{FA2111A8-13A3-41F2-B808-B83B86BE9FA3}"
EndProject
Project("{FAE04EC0-301F-11D3-BF4B-00C04F79EFBC}") = "TaxCalculator.Model", "TaxCalculator.Model\TaxCalculator.Model.csproj", "{37F437C7-8C7F-444A-A52F-40AB49218121}"
EndProject
Project("{FAE04EC0-301F-11D3-BF4B-00C04F79EFBC}") = "TaxCalculator.UnitTesting", "TaxCalculator.UnitTesting\TaxCalculator.UnitTesting.csproj", "{7555506B-7B16-4A37-A383-82305C0093AA}"
EndProject
Global
	GlobalSection(SolutionConfigurationPlatforms) = preSolution
		Debug|Any CPU = Debug|Any CPU
		Release|Any CPU = Release|Any CPU
	EndGlobalSection
	GlobalSection(ProjectConfigurationPlatforms) = postSolution
		{A7BB1B44-2FB4-4183-8E5F-8FCF61CA3085}.Debug|Any CPU.ActiveCfg = Debug|Any CPU
		{A7BB1B44-2FB4-4183-8E5F-8FCF61CA3085}.Debug|Any CPU.Build.0 = Debug|Any CPU
		{A7BB1B44-2FB4-4183-8E5F-8FCF61CA3085}.Release|Any CPU.ActiveCfg = Release|Any CPU
		{A7BB1B44-2FB4-4183-8E5F-8FCF61CA3085}.Release|Any CPU.Build.0 = Release|Any CPU
		{C87C28AF-D75A-4F84-BD66-C4D5C1565DD9}.Debug|Any CPU.ActiveCfg = Debug|Any CPU
		{C87C28AF-D75A-4F84-BD66-C4D5C1565DD9}.Debug|Any CPU.Build.0 = Debug|Any CPU
		{C87C28AF-D75A-4F84-BD66-C4D5C1565DD9}.Release|Any CPU.ActiveCfg = Release|Any CPU
		{C87C28AF-D75A-4F84-BD66-C4D5C1565DD9}.Release|Any CPU.Build.0 = Release|Any CPU
		{DDA270D2-AF49-4FAA-B6CF-819F97421BCC}.Debug|Any CPU.ActiveCfg = Debug|Any CPU
		{DDA270D2-AF49-4FAA-B6CF-819F97421BCC}.Debug|Any CPU.Build.0 = Debug|Any CPU
		{DDA270D2-AF49-4FAA-B6CF-819F97421BCC}.Release|Any CPU.ActiveCfg = Release|Any CPU
		{DDA270D2-AF49-4FAA-B6CF-819F97421BCC}.Release|Any CPU.Build.0 = Release|Any CPU
		{FA2111A8-13A3-41F2-B808-B83B86BE9FA3}.Debug|Any CPU.ActiveCfg = Debug|Any CPU
		{FA2111A8-13A3-41F2-B808-B83B86BE9FA3}.Debug|Any CPU.Build.0 = Debug|Any CPU
		{FA2111A8-13A3-41F2-B808-B83B86BE9FA3}.Release|Any CPU.ActiveCfg = Release|Any CPU
		{FA2111A8-13A3-41F2-B808-B83B86BE9FA3}.Release|Any CPU.Build.0 = Release|Any CPU
		{37F437C7-8C7F-444A-A52F-40AB49218121}.Debug|Any CPU.ActiveCfg = Debug|Any CPU
		{37F437C7-8C7F-444A-A52F-40AB49218121}.Debug|Any CPU.Build.0 = Debug|Any CPU
		{37F437C7-8C7F-444A-A52F-40AB49218121}.Release|Any CPU.ActiveCfg = Release|Any CPU
		{37F437C7-8C7F-444A-A52F-40AB49218121}.Release|Any CPU.Build.0 = Release|Any CPU
		{7555506B-7B16-4A37-A383-82305C0093AA}.Debug|Any CPU.ActiveCfg = Debug|Any CPU
		{7555506B-7B16-4A37-A383-82305C0093AA}.Debug|Any CPU.Build.0 = Debug|Any CPU
		{7555506B-7B16-4A37-A383-82305C0093AA}.Release|Any CPU.ActiveCfg = Release|Any CPU
		{7555506B-7B16-4A37-A383-82305C0093AA}.Release|Any CPU.Build.0 = Release|Any CPU
	EndGlobalSection
	GlobalSection(SolutionProperties) = preSolution
		HideSolutionNode = FALSE
	EndGlobalSection
	GlobalSection(ExtensibilityGlobals) = postSolution
		SolutionGuid = {FEEF11A1-135A-4143-ABE9-2F2C0E37BC29}
	EndGlobalSection
EndGlobal
